// !$*UTF8*$!
{
	archiveVersion = 1;
	classes = {
	};
	objectVersion = 77;
	objects = {

/* Begin PBXBuildFile section */
		E025B4B82FDAECA7007926F0 /* GoogleMobileAds in Frameworks */ = {isa = PBXBuildFile; productRef = E025B4B72FDAECA7007926F0 /* GoogleMobileAds */; };
		E074B5BD2FDB29BA00650DD6 /* WidgetKit.framework in Frameworks */ = {isa = PBXBuildFile; fileRef = E074B5BC2FDB29BA00650DD6 /* WidgetKit.framework */; };
		E074B5BF2FDB29BA00650DD6 /* SwiftUI.framework in Frameworks */ = {isa = PBXBuildFile; fileRef = E074B5BE2FDB29BA00650DD6 /* SwiftUI.framework */; };
		E074B5CA2FDB29BC00650DD6 /* SlideRollWidgetExtension.appex in Embed Foundation Extensions */ = {isa = PBXBuildFile; fileRef = E074B5BA2FDB29BA00650DD6 /* SlideRollWidgetExtension.appex */; settings = {ATTRIBUTES = (RemoveHeadersOnCopy, ); }; };
		E086EE082FF33A2B00D229E1 /* Products.storekit in Resources */ = {isa = PBXBuildFile; fileRef = E086EE072FF33A2B00D229E1 /* Products.storekit */; };
		E0SHARED01AABBCC00112233 /* ColorTheme.swift in Sources */ = {isa = PBXBuildFile; fileRef = E0SHARED00AABBCC00112233 /* ColorTheme.swift */; };
/* End PBXBuildFile section */

/* Begin PBXContainerItemProxy section */
		E074B5C82FDB29BC00650DD6 /* PBXContainerItemProxy */ = {
			isa = PBXContainerItemProxy;
			containerPortal = E0BE94112FD06C2F002A1CC6 /* Project object */;
			proxyType = 1;
			remoteGlobalIDString = E074B5B92FDB29BA00650DD6;
			remoteInfo = SlideRollWidgetExtension;
		};
/* End PBXContainerItemProxy section */

/* Begin PBXCopyFilesBuildPhase section */
		E074B5CF2FDB29BC00650DD6 /* Embed Foundation Extensions */ = {
			isa = PBXCopyFilesBuildPhase;
			buildActionMask = 2147483647;
			dstPath = "";
			dstSubfolderSpec = 13;
			files = (
				E074B5CA2FDB29BC00650DD6 /* SlideRollWidgetExtension.appex in Embed Foundation Extensions */,
			);
			name = "Embed Foundation Extensions";
			runOnlyForDeploymentPostprocessing = 0;
		};
/* End PBXCopyFilesBuildPhase section */

/* Begin PBXFileReference section */
		E074B5BA2FDB29BA00650DD6 /* SlideRollWidgetExtension.appex */ = {isa = PBXFileReference; explicitFileType = "wrapper.app-extension"; includeInIndex = 0; path = SlideRollWidgetExtension.appex; sourceTree = BUILT_PRODUCTS_DIR; };
		E074B5BC2FDB29BA00650DD6 /* WidgetKit.framework */ = {isa = PBXFileReference; lastKnownFileType = wrapper.framework; name = WidgetKit.framework; path = System/Library/Frameworks/WidgetKit.framework; sourceTree = SDKROOT; };
		E074B5BE2FDB29BA00650DD6 /* SwiftUI.framework */ = {isa = PBXFileReference; lastKnownFileType = wrapper.framework; name = SwiftUI.framework; path = System/Library/Frameworks/SwiftUI.framework; sourceTree = SDKROOT; };
		E074B5D12FDB2A6400650DD6 /* SlideRollWidgetExtension.entitlements */ = {isa = PBXFileReference; lastKnownFileType = text.plist.entitlements; path = SlideRollWidgetExtension.entitlements; sourceTree = "<group>"; };
		E086EE072FF33A2B00D229E1 /* Products.storekit */ = {isa = PBXFileReference; lastKnownFileType = text; path = Products.storekit; sourceTree = "<group>"; };
		E0BE94192FD06C2F002A1CC6 /* SlideRoll.app */ = {isa = PBXFileReference; explicitFileType = wrapper.application; includeInIndex = 0; path = SlideRoll.app; sourceTree = BUILT_PRODUCTS_DIR; };
		E0SHARED00AABBCC00112233 /* ColorTheme.swift */ = {isa = PBXFileReference; lastKnownFileType = sourcecode.swift; name = ColorTheme.swift; path = SlideRoll/ColorTheme.swift; sourceTree = SOURCE_ROOT; };
/* End PBXFileReference section */

/* Begin PBXFileSystemSynchronizedBuildFileExceptionSet section */
		E025B53F2FDAF199007926F0 /* Exceptions for "SlideRoll" folder in "SlideRoll" target */ = {
			isa = PBXFileSystemSynchronizedBuildFileExceptionSet;
			membershipExceptions = (
				Info.plist,
			);
			target = E0BE94182FD06C2F002A1CC6 /* SlideRoll */;
		};
		E074B5CE2FDB29BC00650DD6 /* Exceptions for "SlideRollWidget" folder in "SlideRollWidgetExtension" target */ = {
			isa = PBXFileSystemSynchronizedBuildFileExceptionSet;
			membershipExceptions = (
				Info.plist,
			);
			target = E074B5B92FDB29BA00650DD6 /* SlideRollWidgetExtension */;
		};
/* End PBXFileSystemSynchronizedBuildFileExceptionSet section */

/* Begin PBXFileSystemSynchronizedRootGroup section */
		E074B5C02FDB29BA00650DD6 /* SlideRollWidget */ = {
			isa = PBXFileSystemSynchronizedRootGroup;
			exceptions = (
				E074B5CE2FDB29BC00650DD6 /* Exceptions for "SlideRollWidget" folder in "SlideRollWidgetExtension" target */,
			);
			path = SlideRollWidget;
			sourceTree = "<group>";
		};
		E0BE941B2FD06C2F002A1CC6 /* SlideRoll */ = {
			isa = PBXFileSystemSynchronizedRootGroup;
			exceptions = (
				E025B53F2FDAF199007926F0 /* Exceptions for "SlideRoll" folder in "SlideRoll" target */,
			);
			path = SlideRoll;
			sourceTree = "<group>";
		};
/* End PBXFileSystemSynchronizedRootGroup section */

/* Begin PBXFrameworksBuildPhase section */
		E074B5B72FDB29BA00650DD6 /* Frameworks */ = {
			isa = PBXFrameworksBuildPhase;
			buildActionMask = 2147483647;
			files = (
				E074B5BF2FDB29BA00650DD6 /* SwiftUI.framework in Frameworks */,
				E074B5BD2FDB29BA00650DD6 /* WidgetKit.framework in Frameworks */,
			);
			runOnlyForDeploymentPostprocessing = 0;
		};
		E0BE94162FD06C2F002A1CC6 /* Frameworks */ = {
			isa = PBXFrameworksBuildPhase;
			buildActionMask = 2147483647;
			files = (
				E025B4B82FDAECA7007926F0 /* GoogleMobileAds in Frameworks */,
			);
			runOnlyForDeploymentPostprocessing = 0;
		};
/* End PBXFrameworksBuildPhase section */

/* Begin PBXGroup section */
		E051588B2FE086D90005C590 /* Recovered References */ = {
			isa = PBXGroup;
			children = (
				E0SHARED00AABBCC00112233 /* ColorTheme.swift */,
			);
			name = "Recovered References";
			sourceTree = "<group>";
		};
		E074B5BB2FDB29BA00650DD6 /* Frameworks */ = {
			isa = PBXGroup;
			children = (
				E074B5BC2FDB29BA00650DD6 /* WidgetKit.framework */,
				E074B5BE2FDB29BA00650DD6 /* SwiftUI.framework */,
			);
			name = Frameworks;
			sourceTree = "<group>";
		};
		E0BE94102FD06C2F002A1CC6 = {
			isa = PBXGroup;
			children = (
				E086EE072FF33A2B00D229E1 /* Products.storekit */,
				E074B5D12FDB2A6400650DD6 /* SlideRollWidgetExtension.entitlements */,
				E0BE941B2FD06C2F002A1CC6 /* SlideRoll */,
				E074B5C02FDB29BA00650DD6 /* SlideRollWidget */,
				E074B5BB2FDB29BA00650DD6 /* Frameworks */,
				E0BE941A2FD06C2F002A1CC6 /* Products */,
				E051588B2FE086D90005C590 /* Recovered References */,
			);
			sourceTree = "<group>";
		};
		E0BE941A2FD06C2F002A1CC6 /* Products */ = {
			isa = PBXGroup;
			children = (
				E0BE94192FD06C2F002A1CC6 /* SlideRoll.app */,
				E074B5BA2FDB29BA00650DD6 /* SlideRollWidgetExtension.appex */,
			);
			name = Products;
			sourceTree = "<group>";
		};
/* End PBXGroup section */

/* Begin PBXNativeTarget section */
		E074B5B92FDB29BA00650DD6 /* SlideRollWidgetExtension */ = {
			isa = PBXNativeTarget;
			buildConfigurationList = E074B5CB2FDB29BC00650DD6 /* Build configuration list for PBXNativeTarget "SlideRollWidgetExtension" */;
			buildPhases = (
				E074B5B62FDB29BA00650DD6 /* Sources */,
				E074B5B72FDB29BA00650DD6 /* Frameworks */,
				E074B5B82FDB29BA00650DD6 /* Resources */,
			);
			buildRules = (
			);
			dependencies = (
			);
			fileSystemSynchronizedGroups = (
				E074B5C02FDB29BA00650DD6 /* SlideRollWidget */,
			);
			name = SlideRollWidgetExtension;
			packageProductDependencies = (
			);
			productName = SlideRollWidgetExtension;
			productReference = E074B5BA2FDB29BA00650DD6 /* SlideRollWidgetExtension.appex */;
			productType = "com.apple.product-type.app-extension";
		};
		E0BE94182FD06C2F002A1CC6 /* SlideRoll */ = {
			isa = PBXNativeTarget;
			buildConfigurationList = E0BE94242FD06C30002A1CC6 /* Build configuration list for PBXNativeTarget "SlideRoll" */;
			buildPhases = (
				E0BE94152FD06C2F002A1CC6 /* Sources */,
				E0BE94162FD06C2F002A1CC6 /* Frameworks */,
				E0BE94172FD06C2F002A1CC6 /* Resources */,
				E074B5CF2FDB29BC00650DD6 /* Embed Foundation Extensions */,
			);
			buildRules = (
			);
			dependencies = (
				E074B5C92FDB29BC00650DD6 /* PBXTargetDependency */,
			);
			fileSystemSynchronizedGroups = (
				E0BE941B2FD06C2F002A1CC6 /* SlideRoll */,
			);
			name = SlideRoll;
			packageProductDependencies = (
				E025B4B72FDAECA7007926F0 /* GoogleMobileAds */,
			);
			productName = SlideRoll;
			productReference = E0BE94192FD06C2F002A1CC6 /* SlideRoll.app */;
			productType = "com.apple.product-type.application";
		};
/* End PBXNativeTarget section */

/* Begin PBXProject section */
		E0BE94112FD06C2F002A1CC6 /* Project object */ = {
			isa = PBXProject;
			attributes = {
				BuildIndependentTargetsInParallel = 1;
				LastSwiftUpdateCheck = 2650;
				LastUpgradeCheck = 2650;
				TargetAttributes = {
					E074B5B92FDB29BA00650DD6 = {
						CreatedOnToolsVersion = 26.5;
					};
					E0BE94182FD06C2F002A1CC6 = {
						CreatedOnToolsVersion = 26.5;
					};
				};
			};
			buildConfigurationList = E0BE94142FD06C2F002A1CC6 /* Build configuration list for PBXProject "SlideRoll" */;
			developmentRegion = en;
			hasScannedForEncodings = 0;
			knownRegions = (
				en,
				Base,
			);
			mainGroup = E0BE94102FD06C2F002A1CC6;
			minimizedProjectReferenceProxies = 1;
			packageReferences = (
				E025B4B62FDAECA7007926F0 /* XCRemoteSwiftPackageReference "swift-package-manager-google-mobile-ads" */,
			);
			preferredProjectObjectVersion = 77;
			productRefGroup = E0BE941A2FD06C2F002A1CC6 /* Products */;
			projectDirPath = "";
			projectRoot = "";
			targets = (
				E0BE94182FD06C2F002A1CC6 /* SlideRoll */,
				E074B5B92FDB29BA00650DD6 /* SlideRollWidgetExtension */,
			);
		};
/* End PBXProject section */

/* Begin PBXResourcesBuildPhase section */
		E074B5B82FDB29BA00650DD6 /* Resources */ = {
			isa = PBXResourcesBuildPhase;
			buildActionMask = 2147483647;
			files = (
			);
			runOnlyForDeploymentPostprocessing = 0;
		};
		E0BE94172FD06C2F002A1CC6 /* Resources */ = {
			isa = PBXResourcesBuildPhase;
			buildActionMask = 2147483647;
			files = (
				E086EE082FF33A2B00D229E1 /* Products.storekit in Resources */,
			);
			runOnlyForDeploymentPostprocessing = 0;
		};
/* End PBXResourcesBuildPhase section */

/* Begin PBXSourcesBuildPhase section */
		E074B5B62FDB29BA00650DD6 /* Sources */ = {
			isa = PBXSourcesBuildPhase;
			buildActionMask = 2147483647;
			files = (
				E0SHARED01AABBCC00112233 /* ColorTheme.swift in Sources */,
			);
			runOnlyForDeploymentPostprocessing = 0;
		};
		E0BE94152FD06C2F002A1CC6 /* Sources */ = {
			isa = PBXSourcesBuildPhase;
			buildActionMask = 2147483647;
			files = (
			);
			runOnlyForDeploymentPostprocessing = 0;
		};
/* End PBXSourcesBuildPhase section */

/* Begin PBXTargetDependency section */
		E074B5C92FDB29BC00650DD6 /* PBXTargetDependency */ = {
			isa = PBXTargetDependency;
			target = E074B5B92FDB29BA00650DD6 /* SlideRollWidgetExtension */;
			targetProxy = E074B5C82FDB29BC00650DD6 /* PBXContainerItemProxy */;
		};
/* End PBXTargetDependency section */

/* Begin XCBuildConfiguration section */
		E074B5CC2FDB29BC00650DD6 /* Debug */ = {
			isa = XCBuildConfiguration;
			buildSettings = {
				ASSETCATALOG_COMPILER_GLOBAL_ACCENT_COLOR_NAME = AccentColor;
				ASSETCATALOG_COMPILER_WIDGET_BACKGROUND_COLOR_NAME = WidgetBackground;
				CODE_SIGN_ENTITLEMENTS = SlideRollWidgetExtension.entitlements;
				CODE_SIGN_STYLE = Automatic;
				CURRENT_PROJECT_VERSION = 5;
				DEVELOPMENT_TEAM = TU72NFPK84;
				GENERATE_INFOPLIST_FILE = YES;
				INFOPLIST_FILE = SlideRollWidget/Info.plist;
				INFOPLIST_KEY_CFBundleDisplayName = SlideRoll;
				INFOPLIST_KEY_NSHumanReadableCopyright = "";
				LD_RUNPATH_SEARCH_PATHS = (
					"$(inherited)",
					"@executable_path/Frameworks",
					"@executable_path/../../Frameworks",
				);
				MARKETING_VERSION = 1.0;
				PRODUCT_BUNDLE_IDENTIFIER = com.mertkerimi.slideroll.SlideRollWidget;
				PRODUCT_NAME = "$(TARGET_NAME)";
				SKIP_INSTALL = YES;
				STRING_CATALOG_GENERATE_SYMBOLS = YES;
				SWIFT_APPROACHABLE_CONCURRENCY = YES;
				SWIFT_EMIT_LOC_STRINGS = YES;
				SWIFT_UPCOMING_FEATURE_MEMBER_IMPORT_VISIBILITY = YES;
				SWIFT_VERSION = 5.0;
				TARGETED_DEVICE_FAMILY = "1,2";
			};
			name = Debug;
		};
		E074B5CD2FDB29BC00650DD6 /* Release */ = {
			isa = XCBuildConfiguration;
			buildSettings = {
				ASSETCATALOG_COMPILER_GLOBAL_ACCENT_COLOR_NAME = AccentColor;
				ASSETCATALOG_COMPILER_WIDGET_BACKGROUND_COLOR_NAME = WidgetBackground;
				CODE_SIGN_ENTITLEMENTS = SlideRollWidgetExtension.entitlements;
				CODE_SIGN_STYLE = Automatic;
				CURRENT_PROJECT_VERSION = 5;
				DEVELOPMENT_TEAM = TU72NFPK84;
				GENERATE_INFOPLIST_FILE = YES;
				INFOPLIST_FILE = SlideRollWidget/Info.plist;
				INFOPLIST_KEY_CFBundleDisplayName = SlideRoll;
				INFOPLIST_KEY_NSHumanReadableCopyright = "";
				LD_RUNPATH_SEARCH_PATHS = (
					"$(inherited)",
					"@executable_path/Frameworks",
					"@executable_path/../../Frameworks",
				);
				MARKETING_VERSION = 1.0;
				PRODUCT_BUNDLE_IDENTIFIER = com.mertkerimi.slideroll.SlideRollWidget;
				PRODUCT_NAME = "$(TARGET_NAME)";
				SKIP_INSTALL = YES;
				STRING_CATALOG_GENERATE_SYMBOLS = YES;
				SWIFT_APPROACHABLE_CONCURRENCY = YES;
				SWIFT_EMIT_LOC_STRINGS = YES;
				SWIFT_UPCOMING_FEATURE_MEMBER_IMPORT_VISIBILITY = YES;
				SWIFT_VERSION = 5.0;
				TARGETED_DEVICE_FAMILY = "1,2";
			};
			name = Release;
		};
		E0BE94222FD06C30002A1CC6 /* Debug */ = {
			isa = XCBuildConfiguration;
			buildSettings = {
				ALWAYS_SEARCH_USER_PATHS = NO;
				ASSETCATALOG_COMPILER_GENERATE_SWIFT_ASSET_SYMBOL_EXTENSIONS = YES;
				CLANG_ANALYZER_NONNULL = YES;
				CLANG_ANALYZER_NUMBER_OBJECT_CONVERSION = YES_AGGRESSIVE;
				CLANG_CXX_LANGUAGE_STANDARD = "gnu++20";
				CLANG_ENABLE_MODULES = YES;
				CLANG_ENABLE_OBJC_ARC = YES;
				CLANG_ENABLE_OBJC_WEAK = YES;
				CLANG_WARN_BLOCK_CAPTURE_AUTORELEASING = YES;
				CLANG_WARN_BOOL_CONVERSION = YES;
				CLANG_WARN_COMMA = YES;
				CLANG_WARN_CONSTANT_CONVERSION = YES;
				CLANG_WARN_DEPRECATED_OBJC_IMPLEMENTATIONS = YES;
				CLANG_WARN_DIRECT_OBJC_ISA_USAGE = YES_ERROR;
				CLANG_WARN_DOCUMENTATION_COMMENTS = YES;
				CLANG_WARN_EMPTY_BODY = YES;
				CLANG_WARN_ENUM_CONVERSION = YES;
				CLANG_WARN_INFINITE_RECURSION = YES;
				CLANG_WARN_INT_CONVERSION = YES;
				CLANG_WARN_NON_LITERAL_NULL_CONVERSION = YES;
				CLANG_WARN_OBJC_IMPLICIT_RETAIN_SELF = YES;
				CLANG_WARN_OBJC_LITERAL_CONVERSION = YES;
				CLANG_WARN_OBJC_ROOT_CLASS = YES_ERROR;
				CLANG_WARN_QUOTED_INCLUDE_IN_FRAMEWORK_HEADER = YES;
				CLANG_WARN_RANGE_LOOP_ANALYSIS = YES;
				CLANG_WARN_STRICT_PROTOTYPES = YES;
				CLANG_WARN_SUSPICIOUS_MOVE = YES;
				CLANG_WARN_UNGUARDED_AVAILABILITY = YES_AGGRESSIVE;
				CLANG_WARN_UNREACHABLE_CODE = YES;
				CLANG_WARN__DUPLICATE_METHOD_MATCH = YES;
				COPY_PHASE_STRIP = NO;
				DEBUG_INFORMATION_FORMAT = dwarf;
				DEVELOPMENT_TEAM = TU72NFPK84;
				ENABLE_STRICT_OBJC_MSGSEND = YES;
				ENABLE_TESTABILITY = YES;
				ENABLE_USER_SCRIPT_SANDBOXING = YES;
				GCC_C_LANGUAGE_STANDARD = gnu17;
				GCC_DYNAMIC_NO_PIC = NO;
				GCC_NO_COMMON_BLOCKS = YES;
				GCC_OPTIMIZATION_LEVEL = 0;
				GCC_PREPROCESSOR_DEFINITIONS = (
					"DEBUG=1",
					"$(inherited)",
				);
				GCC_WARN_64_TO_32_BIT_CONVERSION = YES;
				GCC_WARN_ABOUT_RETURN_TYPE = YES_ERROR;
				GCC_WARN_UNDECLARED_SELECTOR = YES;
				GCC_WARN_UNINITIALIZED_AUTOS = YES_AGGRESSIVE;
				GCC_WARN_UNUSED_FUNCTION = YES;
				GCC_WARN_UNUSED_VARIABLE = YES;
				IPHONEOS_DEPLOYMENT_TARGET = 18.0;
				LOCALIZATION_PREFERS_STRING_CATALOGS = YES;
				MTL_ENABLE_DEBUG_INFO = INCLUDE_SOURCE;
				MTL_FAST_MATH = YES;
				ONLY_ACTIVE_ARCH = YES;
				SDKROOT = iphoneos;
				SWIFT_ACTIVE_COMPILATION_CONDITIONS = "DEBUG $(inherited)";
				SWIFT_OPTIMIZATION_LEVEL = "-Onone";
			};
			name = Debug;
		};
		E0BE94232FD06C30002A1CC6 /* Release */ = {
			isa = XCBuildConfiguration;
			buildSettings = {
				ALWAYS_SEARCH_USER_PATHS = NO;
				ASSETCATALOG_COMPILER_GENERATE_SWIFT_ASSET_SYMBOL_EXTENSIONS = YES;
				CLANG_ANALYZER_NONNULL = YES;
				CLANG_ANALYZER_NUMBER_OBJECT_CONVERSION = YES_AGGRESSIVE;
				CLANG_CXX_LANGUAGE_STANDARD = "gnu++20";
				CLANG_ENABLE_MODULES = YES;
				CLANG_ENABLE_OBJC_ARC = YES;
				CLANG_ENABLE_OBJC_WEAK = YES;
				CLANG_WARN_BLOCK_CAPTURE_AUTORELEASING = YES;
				CLANG_WARN_BOOL_CONVERSION = YES;
				CLANG_WARN_COMMA = YES;
				CLANG_WARN_CONSTANT_CONVERSION = YES;
				CLANG_WARN_DEPRECATED_OBJC_IMPLEMENTATIONS = YES;
				CLANG_WARN_DIRECT_OBJC_ISA_USAGE = YES_ERROR;
				CLANG_WARN_DOCUMENTATION_COMMENTS = YES;
				CLANG_WARN_EMPTY_BODY = YES;
				CLANG_WARN_ENUM_CONVERSION = YES;
				CLANG_WARN_INFINITE_RECURSION = YES;
				CLANG_WARN_INT_CONVERSION = YES;
				CLANG_WARN_NON_LITERAL_NULL_CONVERSION = YES;
				CLANG_WARN_OBJC_IMPLICIT_RETAIN_SELF = YES;
				CLANG_WARN_OBJC_LITERAL_CONVERSION = YES;
				CLANG_WARN_OBJC_ROOT_CLASS = YES_ERROR;
				CLANG_WARN_QUOTED_INCLUDE_IN_FRAMEWORK_HEADER = YES;
				CLANG_WARN_RANGE_LOOP_ANALYSIS = YES;
				CLANG_WARN_STRICT_PROTOTYPES = YES;
				CLANG_WARN_SUSPICIOUS_MOVE = YES;
				CLANG_WARN_UNGUARDED_AVAILABILITY = YES_AGGRESSIVE;
				CLANG_WARN_UNREACHABLE_CODE = YES;
				CLANG_WARN__DUPLICATE_METHOD_MATCH = YES;
				COPY_PHASE_STRIP = NO;
				DEBUG_INFORMATION_FORMAT = "dwarf-with-dsym";
				DEVELOPMENT_TEAM = TU72NFPK84;
				ENABLE_NS_ASSERTIONS = NO;
				ENABLE_STRICT_OBJC_MSGSEND = YES;
				ENABLE_USER_SCRIPT_SANDBOXING = YES;
				GCC_C_LANGUAGE_STANDARD = gnu17;
				GCC_NO_COMMON_BLOCKS = YES;
				GCC_WARN_64_TO_32_BIT_CONVERSION = YES;
				GCC_WARN_ABOUT_RETURN_TYPE = YES_ERROR;
				GCC_WARN_UNDECLARED_SELECTOR = YES;
				GCC_WARN_UNINITIALIZED_AUTOS = YES_AGGRESSIVE;
				GCC_WARN_UNUSED_FUNCTION = YES;
				GCC_WARN_UNUSED_VARIABLE = YES;
				IPHONEOS_DEPLOYMENT_TARGET = 18.0;
				LOCALIZATION_PREFERS_STRING_CATALOGS = YES;
				MTL_ENABLE_DEBUG_INFO = NO;
				MTL_FAST_MATH = YES;
				SDKROOT = iphoneos;
				SWIFT_COMPILATION_MODE = wholemodule;
				VALIDATE_PRODUCT = YES;
			};
			name = Release;
		};
		E0BE94252FD06C30002A1CC6 /* Debug */ = {
			isa = XCBuildConfiguration;
			buildSettings = {
				ASSETCATALOG_COMPILER_APPICON_NAME = AppIcon;
				ASSETCATALOG_COMPILER_GLOBAL_ACCENT_COLOR_NAME = AccentColor;
				CODE_SIGN_ENTITLEMENTS = SlideRoll/SlideRoll.entitlements;
				CODE_SIGN_STYLE = Automatic;
				CURRENT_PROJECT_VERSION = 5;
				DEVELOPMENT_TEAM = TU72NFPK84;
				ENABLE_PREVIEWS = YES;
				GENERATE_INFOPLIST_FILE = NO;
				INFOPLIST_FILE = SlideRoll/Info.plist;
				LD_RUNPATH_SEARCH_PATHS = (
					"$(inherited)",
					"@executable_path/Frameworks",
				);
				MARKETING_VERSION = 1.0;
				PRODUCT_BUNDLE_IDENTIFIER = com.mertkerimi.slideroll;
				PRODUCT_NAME = "$(TARGET_NAME)";
				STRING_CATALOG_GENERATE_SYMBOLS = YES;
				SUPPORTED_PLATFORMS = "iphoneos iphonesimulator";
				SUPPORTS_MACCATALYST = NO;
				SUPPORTS_MAC_DESIGNED_FOR_IPHONE_IPAD = NO;
				SUPPORTS_XR_DESIGNED_FOR_IPHONE_IPAD = NO;
				SWIFT_APPROACHABLE_CONCURRENCY = YES;
				SWIFT_DEFAULT_ACTOR_ISOLATION = MainActor;
				SWIFT_EMIT_LOC_STRINGS = YES;
				SWIFT_UPCOMING_FEATURE_MEMBER_IMPORT_VISIBILITY = YES;
				SWIFT_VERSION = 5.0;
				TARGETED_DEVICE_FAMILY = 1;
			};
			name = Debug;
		};
		E0BE94262FD06C30002A1CC6 /* Release */ = {
			isa = XCBuildConfiguration;
			buildSettings = {
				ASSETCATALOG_COMPILER_APPICON_NAME = AppIcon;
				ASSETCATALOG_COMPILER_GLOBAL_ACCENT_COLOR_NAME = AccentColor;
				CODE_SIGN_ENTITLEMENTS = SlideRoll/SlideRoll.entitlements;
				CODE_SIGN_STYLE = Automatic;
				CURRENT_PROJECT_VERSION = 5;
				DEVELOPMENT_TEAM = TU72NFPK84;
				ENABLE_PREVIEWS = YES;
				GENERATE_INFOPLIST_FILE = NO;
				INFOPLIST_FILE = SlideRoll/Info.plist;
				LD_RUNPATH_SEARCH_PATHS = (
					"$(inherited)",
					"@executable_path/Frameworks",
				);
				MARKETING_VERSION = 1.0;
				PRODUCT_BUNDLE_IDENTIFIER = com.mertkerimi.slideroll;
				PRODUCT_NAME = "$(TARGET_NAME)";
				STRING_CATALOG_GENERATE_SYMBOLS = YES;
				SUPPORTED_PLATFORMS = "iphoneos iphonesimulator";
				SUPPORTS_MACCATALYST = NO;
				SUPPORTS_MAC_DESIGNED_FOR_IPHONE_IPAD = NO;
				SUPPORTS_XR_DESIGNED_FOR_IPHONE_IPAD = NO;
				SWIFT_APPROACHABLE_CONCURRENCY = YES;
				SWIFT_DEFAULT_ACTOR_ISOLATION = MainActor;
				SWIFT_EMIT_LOC_STRINGS = YES;
				SWIFT_UPCOMING_FEATURE_MEMBER_IMPORT_VISIBILITY = YES;
				SWIFT_VERSION = 5.0;
				TARGETED_DEVICE_FAMILY = 1;
			};
			name = Release;
		};
/* End XCBuildConfiguration section */

/* Begin XCConfigurationList section */
		E074B5CB2FDB29BC00650DD6 /* Build configuration list for PBXNativeTarget "SlideRollWidgetExtension" */ = {
			isa = XCConfigurationList;
			buildConfigurations = (
				E074B5CC2FDB29BC00650DD6 /* Debug */,
				E074B5CD2FDB29BC00650DD6 /* Release */,
			);
			defaultConfigurationIsVisible = 0;
			defaultConfigurationName = Release;
		};
		E0BE94142FD06C2F002A1CC6 /* Build configuration list for PBXProject "SlideRoll" */ = {
			isa = XCConfigurationList;
			buildConfigurations = (
				E0BE94222FD06C30002A1CC6 /* Debug */,
				E0BE94232FD06C30002A1CC6 /* Release */,
			);
			defaultConfigurationIsVisible = 0;
			defaultConfigurationName = Release;
		};
		E0BE94242FD06C30002A1CC6 /* Build configuration list for PBXNativeTarget "SlideRoll" */ = {
			isa = XCConfigurationList;
			buildConfigurations = (
				E0BE94252FD06C30002A1CC6 /* Debug */,
				E0BE94262FD06C30002A1CC6 /* Release */,
			);
			defaultConfigurationIsVisible = 0;
			defaultConfigurationName = Release;
		};
/* End XCConfigurationList section */

/* Begin XCRemoteSwiftPackageReference section */
		E025B4B62FDAECA7007926F0 /* XCRemoteSwiftPackageReference "swift-package-manager-google-mobile-ads" */ = {
			isa = XCRemoteSwiftPackageReference;
			repositoryURL = "https://github.com/googleads/swift-package-manager-google-mobile-ads";
			requirement = {
				kind = upToNextMajorVersion;
				minimumVersion = 13.5.0;
			};
		};
/* End XCRemoteSwiftPackageReference section */

/* Begin XCSwiftPackageProductDependency section */
		E025B4B72FDAECA7007926F0 /* GoogleMobileAds */ = {
			isa = XCSwiftPackageProductDependency;
			package = E025B4B62FDAECA7007926F0 /* XCRemoteSwiftPackageReference "swift-package-manager-google-mobile-ads" */;
			productName = GoogleMobileAds;
		};
/* End XCSwiftPackageProductDependency section */
	};
	rootObject = E0BE94112FD06C2F002A1CC6 /* Project object */;
}
